// !$*UTF8*$!
{
	archiveVersion = 1;
	classes = {
	};
	objectVersion = 46;
	objects = {

/* Begin PBXBuildFile section */
		2AD2B80D57B84BF977266683 /* Pods_studyIOS.framework in Frameworks */ = {isa = PBXBuildFile; fileRef = B7D9B395279513C048EDE1B1 /* Pods_studyIOS.framework */; };
		80411C7E1EF28844004C1C38 /* AppDelegate.swift in Sources */ = {isa = PBXBuildFile; fileRef = 80411C7D1EF28844004C1C38 /* AppDelegate.swift */; };
		80411C831EF28844004C1C38 /* Main.storyboard in Resources */ = {isa = PBXBuildFile; fileRef = 80411C811EF28844004C1C38 /* Main.storyboard */; };
		80411C851EF28844004C1C38 /* Assets.xcassets in Resources */ = {isa = PBXBuildFile; fileRef = 80411C841EF28844004C1C38 /* Assets.xcassets */; };
		80411C881EF28844004C1C38 /* LaunchScreen.storyboard in Resources */ = {isa = PBXBuildFile; fileRef = 80411C861EF28844004C1C38 /* LaunchScreen.storyboard */; };
		80411CA31EF3C2B0004C1C38 /* Home.storyboard in Resources */ = {isa = PBXBuildFile; fileRef = 80411CA11EF3C2B0004C1C38 /* Home.storyboard */; };
		80411CA81EF3C2FE004C1C38 /* Follow.storyboard in Resources */ = {isa = PBXBuildFile; fileRef = 80411CA61EF3C2FE004C1C38 /* Follow.storyboard */; };
		80411CAF1EF3C4E3004C1C38 /* Profile.storyboard in Resources */ = {isa = PBXBuildFile; fileRef = 80411CAD1EF3C4E3004C1C38 /* Profile.storyboard */; };
		80411CB21EF3C4EA004C1C38 /* Live.storyboard in Resources */ = {isa = PBXBuildFile; fileRef = 80411CB01EF3C4EA004C1C38 /* Live.storyboard */; };
		80411CC51EF3CC09004C1C38 /* MainViewController.swift in Sources */ = {isa = PBXBuildFile; fileRef = 80411CC41EF3CC09004C1C38 /* MainViewController.swift */; };
		80411CC71EF3CCC2004C1C38 /* HomeViewController.swift in Sources */ = {isa = PBXBuildFile; fileRef = 80411CC61EF3CCC2004C1C38 /* HomeViewController.swift */; };
		80411CCA1EF66B1A004C1C38 /* UIBarButtonItem-Extension.swift in Sources */ = {isa = PBXBuildFile; fileRef = 80411CC91EF66B1A004C1C38 /* UIBarButtonItem-Extension.swift */; };
		80411CCC1EF671AB004C1C38 /* PageTitleView.swift in Sources */ = {isa = PBXBuildFile; fileRef = 80411CCB1EF671AB004C1C38 /* PageTitleView.swift */; };
		80411CCE1EF674DA004C1C38 /* Common.swift in Sources */ = {isa = PBXBuildFile; fileRef = 80411CCD1EF674DA004C1C38 /* Common.swift */; };
		80411CD01EF68260004C1C38 /* PageContentView.swift in Sources */ = {isa = PBXBuildFile; fileRef = 80411CCF1EF68260004C1C38 /* PageContentView.swift */; };
		80411CD21EF68C97004C1C38 /* UIColor-Extension.swift in Sources */ = {isa = PBXBuildFile; fileRef = 80411CD11EF68C97004C1C38 /* UIColor-Extension.swift */; };
		8043E9731F04E6CA005565D6 /* RecommendCycleView.xib in Resources */ = {isa = PBXBuildFile; fileRef = 8043E9721F04E6CA005565D6 /* RecommendCycleView.xib */; };
		80F4E4CB1EFA6DAC004D26DE /* RecommendViewController.swift in Sources */ = {isa = PBXBuildFile; fileRef = 80F4E4CA1EFA6DAC004D26DE /* RecommendViewController.swift */; };
		80F4E4CE1EFAB386004D26DE /* CollectionHeaderView.swift in Sources */ = {isa = PBXBuildFile; fileRef = 80F4E4CC1EFAB386004D26DE /* CollectionHeaderView.swift */; };
		80F4E4CF1EFAB386004D26DE /* CollectionHeaderView.xib in Resources */ = {isa = PBXBuildFile; fileRef = 80F4E4CD1EFAB386004D26DE /* CollectionHeaderView.xib */; };
		80F4E4D21EFAB950004D26DE /* CollectionNormalCell.swift in Sources */ = {isa = PBXBuildFile; fileRef = 80F4E4D01EFAB950004D26DE /* CollectionNormalCell.swift */; };
		80F4E4D31EFAB950004D26DE /* CollectionNormalCell.xib in Resources */ = {isa = PBXBuildFile; fileRef = 80F4E4D11EFAB950004D26DE /* CollectionNormalCell.xib */; };
		80F4E4D61EFD0C21004D26DE /* CollectionPrettyCell.swift in Sources */ = {isa = PBXBuildFile; fileRef = 80F4E4D41EFD0C21004D26DE /* CollectionPrettyCell.swift */; };
		80F4E4D71EFD0C21004D26DE /* CollectionPrettyCell.xib in Resources */ = {isa = PBXBuildFile; fileRef = 80F4E4D51EFD0C21004D26DE /* CollectionPrettyCell.xib */; };
		80F4E4F91F00DAAA004D26DE /* HttpTemplate.swift in Sources */ = {isa = PBXBuildFile; fileRef = 80F4E4F81F00DAAA004D26DE /* HttpTemplate.swift */; };
		80F4E4FC1F00E1E1004D26DE /* RecommendViewModel.swift in Sources */ = {isa = PBXBuildFile; fileRef = 80F4E4FB1F00E1E1004D26DE /* RecommendViewModel.swift */; };
		80F4E4FE1F00ED28004D26DE /* AnchorGroup.swift in Sources */ = {isa = PBXBuildFile; fileRef = 80F4E4FD1F00ED28004D26DE /* AnchorGroup.swift */; };
		80F4E5001F00F3F8004D26DE /* AnchorModel.swift in Sources */ = {isa = PBXBuildFile; fileRef = 80F4E4FF1F00F3F8004D26DE /* AnchorModel.swift */; };
		80F4E5021F025820004D26DE /* CollectionBaseCell.swift in Sources */ = {isa = PBXBuildFile; fileRef = 80F4E5011F025820004D26DE /* CollectionBaseCell.swift */; };
		80F4E5041F034A57004D26DE /* RecommendCycleView.swift in Sources */ = {isa = PBXBuildFile; fileRef = 80F4E5031F034A57004D26DE /* RecommendCycleView.swift */; };
		80F4E5081F039FAD004D26DE /* CycleModel.swift in Sources */ = {isa = PBXBuildFile; fileRef = 80F4E5071F039FAD004D26DE /* CycleModel.swift */; };
/* End PBXBuildFile section */

/* Begin PBXFileReference section */
		2BE5DA443931E7ECC870E14A /* Pods-studyIOS.release.xcconfig */ = {isa = PBXFileReference; includeInIndex = 1; lastKnownFileType = text.xcconfig; name = "Pods-studyIOS.release.xcconfig"; path = "Pods/Target Support Files/Pods-studyIOS/Pods-studyIOS.release.xcconfig"; sourceTree = "<group>"; };
		80411C7A1EF28844004C1C38 /* studyIOS.app */ = {isa = PBXFileReference; explicitFileType = wrapper.application; includeInIndex = 0; path = studyIOS.app; sourceTree = BUILT_PRODUCTS_DIR; };
		80411C7D1EF28844004C1C38 /* AppDelegate.swift */ = {isa = PBXFileReference; lastKnownFileType = sourcecode.swift; path = AppDelegate.swift; sourceTree = "<group>"; };
		80411C821EF28844004C1C38 /* Base */ = {isa = PBXFileReference; lastKnownFileType = file.storyboard; name = Base; path = Base.lproj/Main.storyboard; sourceTree = "<group>"; };
		80411C841EF28844004C1C38 /* Assets.xcassets */ = {isa = PBXFileReference; lastKnownFileType = folder.assetcatalog; path = Assets.xcassets; sourceTree = "<group>"; };
		80411C871EF28844004C1C38 /* Base */ = {isa = PBXFileReference; lastKnownFileType = file.storyboard; name = Base; path = Base.lproj/LaunchScreen.storyboard; sourceTree = "<group>"; };
		80411C891EF28844004C1C38 /* Info.plist */ = {isa = PBXFileReference; lastKnownFileType = text.plist.xml; path = Info.plist; sourceTree = "<group>"; };
		80411CA21EF3C2B0004C1C38 /* Base */ = {isa = PBXFileReference; lastKnownFileType = file.storyboard; name = Base; path = studyIOS/Base.lproj/Home.storyboard; sourceTree = SOURCE_ROOT; };
		80411CA71EF3C2FE004C1C38 /* Base */ = {isa = PBXFileReference; lastKnownFileType = file.storyboard; name = Base; path = studyIOS/Base.lproj/Follow.storyboard; sourceTree = SOURCE_ROOT; };
		80411CAE1EF3C4E3004C1C38 /* Base */ = {isa = PBXFileReference; lastKnownFileType = file.storyboard; name = Base; path = studyIOS/Base.lproj/Profile.storyboard; sourceTree = SOURCE_ROOT; };
		80411CB11EF3C4EA004C1C38 /* Base */ = {isa = PBXFileReference; lastKnownFileType = file.storyboard; name = Base; path = studyIOS/Base.lproj/Live.storyboard; sourceTree = SOURCE_ROOT; };
		80411CC41EF3CC09004C1C38 /* MainViewController.swift */ = {isa = PBXFileReference; fileEncoding = 4; lastKnownFileType = sourcecode.swift; path = MainViewController.swift; sourceTree = "<group>"; };
		80411CC61EF3CCC2004C1C38 /* HomeViewController.swift */ = {isa = PBXFileReference; fileEncoding = 4; lastKnownFileType = sourcecode.swift; path = HomeViewController.swift; sourceTree = "<group>"; };
		80411CC91EF66B1A004C1C38 /* UIBarButtonItem-Extension.swift */ = {isa = PBXFileReference; fileEncoding = 4; lastKnownFileType = sourcecode.swift; path = "UIBarButtonItem-Extension.swift"; sourceTree = "<group>"; };
		80411CCB1EF671AB004C1C38 /* PageTitleView.swift */ = {isa = PBXFileReference; fileEncoding = 4; lastKnownFileType = sourcecode.swift; path = PageTitleView.swift; sourceTree = "<group>"; };
		80411CCD1EF674DA004C1C38 /* Common.swift */ = {isa = PBXFileReference; fileEncoding = 4; lastKnownFileType = sourcecode.swift; path = Common.swift; sourceTree = "<group>"; };
		80411CCF1EF68260004C1C38 /* PageContentView.swift */ = {isa = PBXFileReference; fileEncoding = 4; lastKnownFileType = sourcecode.swift; path = PageContentView.swift; sourceTree = "<group>"; };
		80411CD11EF68C97004C1C38 /* UIColor-Extension.swift */ = {isa = PBXFileReference; fileEncoding = 4; lastKnownFileType = sourcecode.swift; path = "UIColor-Extension.swift"; sourceTree = "<group>"; };
		8043E9721F04E6CA005565D6 /* RecommendCycleView.xib */ = {isa = PBXFileReference; fileEncoding = 4; lastKnownFileType = file.xib; path = RecommendCycleView.xib; sourceTree = "<group>"; };
		80F4E4CA1EFA6DAC004D26DE /* RecommendViewController.swift */ = {isa = PBXFileReference; fileEncoding = 4; lastKnownFileType = sourcecode.swift; path = RecommendViewController.swift; sourceTree = "<group>"; };
		80F4E4CC1EFAB386004D26DE /* CollectionHeaderView.swift */ = {isa = PBXFileReference; fileEncoding = 4; lastKnownFileType = sourcecode.swift; path = CollectionHeaderView.swift; sourceTree = "<group>"; };
		80F4E4CD1EFAB386004D26DE /* CollectionHeaderView.xib */ = {isa = PBXFileReference; fileEncoding = 4; lastKnownFileType = file.xib; path = CollectionHeaderView.xib; sourceTree = "<group>"; };
		80F4E4D01EFAB950004D26DE /* CollectionNormalCell.swift */ = {isa = PBXFileReference; fileEncoding = 4; lastKnownFileType = sourcecode.swift; path = CollectionNormalCell.swift; sourceTree = "<group>"; };
		80F4E4D11EFAB950004D26DE /* CollectionNormalCell.xib */ = {isa = PBXFileReference; fileEncoding = 4; lastKnownFileType = file.xib; path = CollectionNormalCell.xib; sourceTree = "<group>"; };
		80F4E4D41EFD0C21004D26DE /* CollectionPrettyCell.swift */ = {isa = PBXFileReference; fileEncoding = 4; lastKnownFileType = sourcecode.swift; path = CollectionPrettyCell.swift; sourceTree = "<group>"; };
		80F4E4D51EFD0C21004D26DE /* CollectionPrettyCell.xib */ = {isa = PBXFileReference; fileEncoding = 4; lastKnownFileType = file.xib; path = CollectionPrettyCell.xib; sourceTree = "<group>"; };
		80F4E4F81F00DAAA004D26DE /* HttpTemplate.swift */ = {isa = PBXFileReference; fileEncoding = 4; lastKnownFileType = sourcecode.swift; path = HttpTemplate.swift; sourceTree = "<group>"; };
		80F4E4FB1F00E1E1004D26DE /* RecommendViewModel.swift */ = {isa = PBXFileReference; fileEncoding = 4; lastKnownFileType = sourcecode.swift; path = RecommendViewModel.swift; sourceTree = "<group>"; };
		80F4E4FD1F00ED28004D26DE /* AnchorGroup.swift */ = {isa = PBXFileReference; fileEncoding = 4; lastKnownFileType = sourcecode.swift; path = AnchorGroup.swift; sourceTree = "<group>"; };
		80F4E4FF1F00F3F8004D26DE /* AnchorModel.swift */ = {isa = PBXFileReference; fileEncoding = 4; lastKnownFileType = sourcecode.swift; path = AnchorModel.swift; sourceTree = "<group>"; };
		80F4E5011F025820004D26DE /* CollectionBaseCell.swift */ = {isa = PBXFileReference; fileEncoding = 4; lastKnownFileType = sourcecode.swift; path = CollectionBaseCell.swift; sourceTree = "<group>"; };
		80F4E5031F034A57004D26DE /* RecommendCycleView.swift */ = {isa = PBXFileReference; fileEncoding = 4; lastKnownFileType = sourcecode.swift; path = RecommendCycleView.swift; sourceTree = "<group>"; };
		80F4E5071F039FAD004D26DE /* CycleModel.swift */ = {isa = PBXFileReference; fileEncoding = 4; lastKnownFileType = sourcecode.swift; path = CycleModel.swift; sourceTree = "<group>"; };
		887D6B64B7EC45E47F916023 /* Pods-studyIOS.debug.xcconfig */ = {isa = PBXFileReference; includeInIndex = 1; lastKnownFileType = text.xcconfig; name = "Pods-studyIOS.debug.xcconfig"; path = "Pods/Target Support Files/Pods-studyIOS/Pods-studyIOS.debug.xcconfig"; sourceTree = "<group>"; };
		B7D9B395279513C048EDE1B1 /* Pods_studyIOS.framework */ = {isa = PBXFileReference; explicitFileType = wrapper.framework; includeInIndex = 0; path = Pods_studyIOS.framework; sourceTree = BUILT_PRODUCTS_DIR; };
/* End PBXFileReference section */

/* Begin PBXFrameworksBuildPhase section */
		80411C771EF28844004C1C38 /* Frameworks */ = {
			isa = PBXFrameworksBuildPhase;
			buildActionMask = 2147483647;
			files = (
				2AD2B80D57B84BF977266683 /* Pods_studyIOS.framework in Frameworks */,
			);
			runOnlyForDeploymentPostprocessing = 0;
		};
/* End PBXFrameworksBuildPhase section */

/* Begin PBXGroup section */
		03027E9276E7C31D6C01CD23 /* Frameworks */ = {
			isa = PBXGroup;
			children = (
				B7D9B395279513C048EDE1B1 /* Pods_studyIOS.framework */,
			);
			name = Frameworks;
			sourceTree = "<group>";
		};
		80411C711EF28844004C1C38 = {
			isa = PBXGroup;
			children = (
				80411C7C1EF28844004C1C38 /* studyIOS */,
				80411C7B1EF28844004C1C38 /* Products */,
				A9C6EDAA07D41D55D0137E7D /* Pods */,
				03027E9276E7C31D6C01CD23 /* Frameworks */,
			);
			sourceTree = "<group>";
		};
		80411C7B1EF28844004C1C38 /* Products */ = {
			isa = PBXGroup;
			children = (
				80411C7A1EF28844004C1C38 /* studyIOS.app */,
			);
			name = Products;
			sourceTree = "<group>";
		};
		80411C7C1EF28844004C1C38 /* studyIOS */ = {
			isa = PBXGroup;
			children = (
				80411C981EF3B05C004C1C38 /* Classes */,
				80411C7D1EF28844004C1C38 /* AppDelegate.swift */,
				80411C841EF28844004C1C38 /* Assets.xcassets */,
				80411C861EF28844004C1C38 /* LaunchScreen.storyboard */,
				80411C891EF28844004C1C38 /* Info.plist */,
			);
			path = studyIOS;
			sourceTree = "<group>";
		};
		80411C981EF3B05C004C1C38 /* Classes */ = {
			isa = PBXGroup;
			children = (
				80411C9C1EF3B05C004C1C38 /* Main */,
				80411C9A1EF3B05C004C1C38 /* Home */,
				80411C9B1EF3B05C004C1C38 /* Live */,
				80411C991EF3B05C004C1C38 /* Follow */,
				80411C9D1EF3B05C004C1C38 /* Profile */,
				80411C9E1EF3B05C004C1C38 /* Tools */,
			);
			path = Classes;
			sourceTree = "<group>";
		};
		80411C991EF3B05C004C1C38 /* Follow */ = {
			isa = PBXGroup;
			children = (
				80411CB91EF3CA9A004C1C38 /* Model */,
				80411CBA1EF3CA9A004C1C38 /* View */,
				80411CB81EF3CA9A004C1C38 /* Controller */,
				80411CA61EF3C2FE004C1C38 /* Follow.storyboard */,
			);
			path = Follow;
			sourceTree = "<group>";
		};
		80411C9A1EF3B05C004C1C38 /* Home */ = {
			isa = PBXGroup;
			children = (
				80F4E4FA1F00E1B0004D26DE /* ViewModel */,
				80411CB61EF3CA89004C1C38 /* Model */,
				80411CB71EF3CA89004C1C38 /* View */,
				80411CB51EF3CA89004C1C38 /* Controller */,
				80411CA11EF3C2B0004C1C38 /* Home.storyboard */,
			);
			path = Home;
			sourceTree = "<group>";
		};
		80411C9B1EF3B05C004C1C38 /* Live */ = {
			isa = PBXGroup;
			children = (
				80411CBB1EF3CAA5004C1C38 /* Controller */,
				80411CBC1EF3CAA5004C1C38 /* Model */,
				80411CBD1EF3CAA5004C1C38 /* View */,
				80411CB01EF3C4EA004C1C38 /* Live.storyboard */,
			);
			path = Live;
			sourceTree = "<group>";
		};
		80411C9C1EF3B05C004C1C38 /* Main */ = {
			isa = PBXGroup;
			children = (
				80411CC21EF3CAD8004C1C38 /* Model */,
				80411CC31EF3CAD8004C1C38 /* View */,
				80411CC11EF3CAD8004C1C38 /* Controller */,
				80411C811EF28844004C1C38 /* Main.storyboard */,
			);
			path = Main;
			sourceTree = "<group>";
		};
		80411C9D1EF3B05C004C1C38 /* Profile */ = {
			isa = PBXGroup;
			children = (
				80411CBF1EF3CAAE004C1C38 /* Model */,
				80411CC01EF3CAAE004C1C38 /* View */,
				80411CBE1EF3CAAE004C1C38 /* Controller */,
				80411CAD1EF3C4E3004C1C38 /* Profile.storyboard */,
			);
			path = Profile;
			sourceTree = "<group>";
		};
		80411C9E1EF3B05C004C1C38 /* Tools */ = {
			isa = PBXGroup;
			children = (
				80411CC81EF66AC9004C1C38 /* Extension */,
				80411CCD1EF674DA004C1C38 /* Common.swift */,
				80F4E4F81F00DAAA004D26DE /* HttpTemplate.swift */,
			);
			path = Tools;
			sourceTree = "<group>";
		};
		80411CB51EF3CA89004C1C38 /* Controller */ = {
			isa = PBXGroup;
			children = (
				80411CC61EF3CCC2004C1C38 /* HomeViewController.swift */,
				80F4E4CA1EFA6DAC004D26DE /* RecommendViewController.swift */,
			);
			path = Controller;
			sourceTree = "<group>";
		};
		80411CB61EF3CA89004C1C38 /* Model */ = {
			isa = PBXGroup;
			children = (
				80F4E5071F039FAD004D26DE /* CycleModel.swift */,
			);
			path = Model;
			sourceTree = "<group>";
		};
		80411CB71EF3CA89004C1C38 /* View */ = {
			isa = PBXGroup;
			children = (
				80F4E4CC1EFAB386004D26DE /* CollectionHeaderView.swift */,
				80F4E4CD1EFAB386004D26DE /* CollectionHeaderView.xib */,
				80F4E5031F034A57004D26DE /* RecommendCycleView.swift */,
				8043E9721F04E6CA005565D6 /* RecommendCycleView.xib */,
			);
			path = View;
			sourceTree = "<group>";
		};
		80411CB81EF3CA9A004C1C38 /* Controller */ = {
			isa = PBXGroup;
			children = (
			);
			path = Controller;
			sourceTree = "<group>";
		};
		80411CB91EF3CA9A004C1C38 /* Model */ = {
			isa = PBXGroup;
			children = (
			);
			path = Model;
			sourceTree = "<group>";
		};
		80411CBA1EF3CA9A004C1C38 /* View */ = {
			isa = PBXGroup;
			children = (
			);
			path = View;
			sourceTree = "<group>";
		};
		80411CBB1EF3CAA5004C1C38 /* Controller */ = {
			isa = PBXGroup;
			children = (
			);
			path = Controller;
			sourceTree = "<group>";
		};
		80411CBC1EF3CAA5004C1C38 /* Model */ = {
			isa = PBXGroup;
			children = (
			);
			path = Model;
			sourceTree = "<group>";
		};
		80411CBD1EF3CAA5004C1C38 /* View */ = {
			isa = PBXGroup;
			children = (
			);
			path = View;
			sourceTree = "<group>";
		};
		80411CBE1EF3CAAE004C1C38 /* Controller */ = {
			isa = PBXGroup;
			children = (
			);
			path = Controller;
			sourceTree = "<group>";
		};
		80411CBF1EF3CAAE004C1C38 /* Model */ = {
			isa = PBXGroup;
			children = (
			);
			path = Model;
			sourceTree = "<group>";
		};
		80411CC01EF3CAAE004C1C38 /* View */ = {
			isa = PBXGroup;
			children = (
			);
			path = View;
			sourceTree = "<group>";
		};
		80411CC11EF3CAD8004C1C38 /* Controller */ = {
			isa = PBXGroup;
			children = (
				80411CC41EF3CC09004C1C38 /* MainViewController.swift */,
			);
			path = Controller;
			sourceTree = "<group>";
		};
		80411CC21EF3CAD8004C1C38 /* Model */ = {
			isa = PBXGroup;
			children = (
				80F4E4FD1F00ED28004D26DE /* AnchorGroup.swift */,
				80F4E4FF1F00F3F8004D26DE /* AnchorModel.swift */,
			);
			path = Model;
			sourceTree = "<group>";
		};
		80411CC31EF3CAD8004C1C38 /* View */ = {
			isa = PBXGroup;
			children = (
				80411CCB1EF671AB004C1C38 /* PageTitleView.swift */,
				80411CCF1EF68260004C1C38 /* PageContentView.swift */,
				80F4E4D01EFAB950004D26DE /* CollectionNormalCell.swift */,
				80F4E5011F025820004D26DE /* CollectionBaseCell.swift */,
				80F4E4D11EFAB950004D26DE /* CollectionNormalCell.xib */,
				80F4E4D41EFD0C21004D26DE /* CollectionPrettyCell.swift */,
				80F4E4D51EFD0C21004D26DE /* CollectionPrettyCell.xib */,
			);
			path = View;
			sourceTree = "<group>";
		};
		80411CC81EF66AC9004C1C38 /* Extension */ = {
			isa = PBXGroup;
			children = (
				80411CC91EF66B1A004C1C38 /* UIBarButtonItem-Extension.swift */,
				80411CD11EF68C97004C1C38 /* UIColor-Extension.swift */,
			);
			path = Extension;
			sourceTree = "<group>";
		};
		80F4E4FA1F00E1B0004D26DE /* ViewModel */ = {
			isa = PBXGroup;
			children = (
				80F4E4FB1F00E1E1004D26DE /* RecommendViewModel.swift */,
			);
			path = ViewModel;
			sourceTree = "<group>";
		};
		A9C6EDAA07D41D55D0137E7D /* Pods */ = {
			isa = PBXGroup;
			children = (
				887D6B64B7EC45E47F916023 /* Pods-studyIOS.debug.xcconfig */,
				2BE5DA443931E7ECC870E14A /* Pods-studyIOS.release.xcconfig */,
			);
			name = Pods;
			sourceTree = "<group>";
		};
/* End PBXGroup section */

/* Begin PBXNativeTarget section */
		80411C791EF28844004C1C38 /* studyIOS */ = {
			isa = PBXNativeTarget;
			buildConfigurationList = 80411C8C1EF28844004C1C38 /* Build configuration list for PBXNativeTarget "studyIOS" */;
			buildPhases = (
				4FB3DD94C7696021F3A870F9 /* [CP] Check Pods Manifest.lock */,
				80411C761EF28844004C1C38 /* Sources */,
				80411C771EF28844004C1C38 /* Frameworks */,
				80411C781EF28844004C1C38 /* Resources */,
				EB40889D36AD4B67DB568BD8 /* [CP] Embed Pods Frameworks */,
				49D4995414EC9BEF216428B4 /* [CP] Copy Pods Resources */,
			);
			buildRules = (
			);
			dependencies = (
			);
			name = studyIOS;
			productName = studyIOS;
			productReference = 80411C7A1EF28844004C1C38 /* studyIOS.app */;
			productType = "com.apple.product-type.application";
		};
/* End PBXNativeTarget section */

/* Begin PBXProject section */
		80411C721EF28844004C1C38 /* Project object */ = {
			isa = PBXProject;
			attributes = {
				LastSwiftUpdateCheck = 0830;
				LastUpgradeCheck = 0830;
				ORGANIZATIONNAME = musou;
				TargetAttributes = {
					80411C791EF28844004C1C38 = {
						CreatedOnToolsVersion = 8.3.3;
						DevelopmentTeam = 4LX8PTP3JL;
						ProvisioningStyle = Automatic;
					};
				};
			};
			buildConfigurationList = 80411C751EF28844004C1C38 /* Build configuration list for PBXProject "studyIOS" */;
			compatibilityVersion = "Xcode 3.2";
			developmentRegion = English;
			hasScannedForEncodings = 0;
			knownRegions = (
				en,
				Base,
			);
			mainGroup = 80411C711EF28844004C1C38;
			productRefGroup = 80411C7B1EF28844004C1C38 /* Products */;
			projectDirPath = "";
			projectRoot = "";
			targets = (
				80411C791EF28844004C1C38 /* studyIOS */,
			);
		};
/* End PBXProject section */

/* Begin PBXResourcesBuildPhase section */
		80411C781EF28844004C1C38 /* Resources */ = {
			isa = PBXResourcesBuildPhase;
			buildActionMask = 2147483647;
			files = (
				80411CAF1EF3C4E3004C1C38 /* Profile.storyboard in Resources */,
				80F4E4CF1EFAB386004D26DE /* CollectionHeaderView.xib in Resources */,
				80F4E4D31EFAB950004D26DE /* CollectionNormalCell.xib in Resources */,
				80411C881EF28844004C1C38 /* LaunchScreen.storyboard in Resources */,
				80411C851EF28844004C1C38 /* Assets.xcassets in Resources */,
				80411C831EF28844004C1C38 /* Main.storyboard in Resources */,
				80411CA31EF3C2B0004C1C38 /* Home.storyboard in Resources */,
				8043E9731F04E6CA005565D6 /* RecommendCycleView.xib in Resources */,
				80F4E4D71EFD0C21004D26DE /* CollectionPrettyCell.xib in Resources */,
				80411CA81EF3C2FE004C1C38 /* Follow.storyboard in Resources */,
				80411CB21EF3C4EA004C1C38 /* Live.storyboard in Resources */,
			);
			runOnlyForDeploymentPostprocessing = 0;
		};
/* End PBXResourcesBuildPhase section */

/* Begin PBXShellScriptBuildPhase section */
		49D4995414EC9BEF216428B4 /* [CP] Copy Pods Resources */ = {
			isa = PBXShellScriptBuildPhase;
			buildActionMask = 2147483647;
			files = (
			);
			inputPaths = (
			);
			name = "[CP] Copy Pods Resources";
			outputPaths = (
			);
			runOnlyForDeploymentPostprocessing = 0;
			shellPath = /bin/sh;
			shellScript = "\"${SRCROOT}/Pods/Target Support Files/Pods-studyIOS/Pods-studyIOS-resources.sh\"\n";
			showEnvVarsInLog = 0;
		};
		4FB3DD94C7696021F3A870F9 /* [CP] Check Pods Manifest.lock */ = {
			isa = PBXShellScriptBuildPhase;
			buildActionMask = 2147483647;
			files = (
			);
			inputPaths = (
			);
			name = "[CP] Check Pods Manifest.lock";
			outputPaths = (
			);
			runOnlyForDeploymentPostprocessing = 0;
			shellPath = /bin/sh;
			shellScript = "diff \"${PODS_PODFILE_DIR_PATH}/Podfile.lock\" \"${PODS_ROOT}/Manifest.lock\" > /dev/null\nif [ $? != 0 ] ; then\n    # print error to STDERR\n    echo \"error: The sandbox is not in sync with the Podfile.lock. Run 'pod install' or update your CocoaPods installation.\" >&2\n    exit 1\nfi\n";
			showEnvVarsInLog = 0;
		};
		EB40889D36AD4B67DB568BD8 /* [CP] Embed Pods Frameworks */ = {
			isa = PBXShellScriptBuildPhase;
			buildActionMask = 2147483647;
			files = (
			);
			inputPaths = (
			);
			name = "[CP] Embed Pods Frameworks";
			outputPaths = (
			);
			runOnlyForDeploymentPostprocessing = 0;
			shellPath = /bin/sh;
			shellScript = "\"${SRCROOT}/Pods/Target Support Files/Pods-studyIOS/Pods-studyIOS-frameworks.sh\"\n";
			showEnvVarsInLog = 0;
		};
/* End PBXShellScriptBuildPhase section */

/* Begin PBXSourcesBuildPhase section */
		80411C761EF28844004C1C38 /* Sources */ = {
			isa = PBXSourcesBuildPhase;
			buildActionMask = 2147483647;
			files = (
				80411C7E1EF28844004C1C38 /* AppDelegate.swift in Sources */,
				80F4E4CE1EFAB386004D26DE /* CollectionHeaderView.swift in Sources */,
				80411CD21EF68C97004C1C38 /* UIColor-Extension.swift in Sources */,
				80F4E4CB1EFA6DAC004D26DE /* RecommendViewController.swift in Sources */,
				80F4E5021F025820004D26DE /* CollectionBaseCell.swift in Sources */,
				80411CC51EF3CC09004C1C38 /* MainViewController.swift in Sources */,
				80411CCC1EF671AB004C1C38 /* PageTitleView.swift in Sources */,
				80411CD01EF68260004C1C38 /* PageContentView.swift in Sources */,
				80F4E5041F034A57004D26DE /* RecommendCycleView.swift in Sources */,
				80411CCA1EF66B1A004C1C38 /* UIBarButtonItem-Extension.swift in Sources */,
				80F4E5001F00F3F8004D26DE /* AnchorModel.swift in Sources */,
				80411CCE1EF674DA004C1C38 /* Common.swift in Sources */,
				80F4E4D61EFD0C21004D26DE /* CollectionPrettyCell.swift in Sources */,
				80F4E4D21EFAB950004D26DE /* CollectionNormalCell.swift in Sources */,
				80F4E5081F039FAD004D26DE /* CycleModel.swift in Sources */,
				80411CC71EF3CCC2004C1C38 /* HomeViewController.swift in Sources */,
				80F4E4FE1F00ED28004D26DE /* AnchorGroup.swift in Sources */,
				80F4E4F91F00DAAA004D26DE /* HttpTemplate.swift in Sources */,
				80F4E4FC1F00E1E1004D26DE /* RecommendViewModel.swift in Sources */,
			);
			runOnlyForDeploymentPostprocessing = 0;
		};
/* End PBXSourcesBuildPhase section */

/* Begin PBXVariantGroup section */
		80411C811EF28844004C1C38 /* Main.storyboard */ = {
			isa = PBXVariantGroup;
			children = (
				80411C821EF28844004C1C38 /* Base */,
			);
			name = Main.storyboard;
			path = ../..;
			sourceTree = "<group>";
		};
		80411C861EF28844004C1C38 /* LaunchScreen.storyboard */ = {
			isa = PBXVariantGroup;
			children = (
				80411C871EF28844004C1C38 /* Base */,
			);
			name = LaunchScreen.storyboard;
			sourceTree = "<group>";
		};
		80411CA11EF3C2B0004C1C38 /* Home.storyboard */ = {
			isa = PBXVariantGroup;
			children = (
				80411CA21EF3C2B0004C1C38 /* Base */,
			);
			name = Home.storyboard;
			path = ../Main;
			sourceTree = "<group>";
		};
		80411CA61EF3C2FE004C1C38 /* Follow.storyboard */ = {
			isa = PBXVariantGroup;
			children = (
				80411CA71EF3C2FE004C1C38 /* Base */,
			);
			name = Follow.storyboard;
			path = ../Main;
			sourceTree = "<group>";
		};
		80411CAD1EF3C4E3004C1C38 /* Profile.storyboard */ = {
			isa = PBXVariantGroup;
			children = (
				80411CAE1EF3C4E3004C1C38 /* Base */,
			);
			name = Profile.storyboard;
			sourceTree = "<group>";
		};
		80411CB01EF3C4EA004C1C38 /* Live.storyboard */ = {
			isa = PBXVariantGroup;
			children = (
				80411CB11EF3C4EA004C1C38 /* Base */,
			);
			name = Live.storyboard;
			sourceTree = "<group>";
		};
/* End PBXVariantGroup section */

/* Begin XCBuildConfiguration section */
		80411C8A1EF28844004C1C38 /* Debug */ = {
			isa = XCBuildConfiguration;
			buildSettings = {
				ALWAYS_SEARCH_USER_PATHS = NO;
				CLANG_ANALYZER_NONNULL = YES;
				CLANG_ANALYZER_NUMBER_OBJECT_CONVERSION = YES_AGGRESSIVE;
				CLANG_CXX_LANGUAGE_STANDARD = "gnu++0x";
				CLANG_CXX_LIBRARY = "libc++";
				CLANG_ENABLE_MODULES = YES;
				CLANG_ENABLE_OBJC_ARC = YES;
				CLANG_WARN_BOOL_CONVERSION = YES;
				CLANG_WARN_CONSTANT_CONVERSION = YES;
				CLANG_WARN_DIRECT_OBJC_ISA_USAGE = YES_ERROR;
				CLANG_WARN_DOCUMENTATION_COMMENTS = YES;
				CLANG_WARN_EMPTY_BODY = YES;
				CLANG_WARN_ENUM_CONVERSION = YES;
				CLANG_WARN_INFINITE_RECURSION = YES;
				CLANG_WARN_INT_CONVERSION = YES;
				CLANG_WARN_OBJC_ROOT_CLASS = YES_ERROR;
				CLANG_WARN_SUSPICIOUS_MOVE = YES;
				CLANG_WARN_UNREACHABLE_CODE = YES;
				CLANG_WARN__DUPLICATE_METHOD_MATCH = YES;
				"CODE_SIGN_IDENTITY[sdk=iphoneos*]" = "iPhone Developer";
				COPY_PHASE_STRIP = NO;
				DEBUG_INFORMATION_FORMAT = dwarf;
				ENABLE_STRICT_OBJC_MSGSEND = YES;
				ENABLE_TESTABILITY = YES;
				GCC_C_LANGUAGE_STANDARD = gnu99;
				GCC_DYNAMIC_NO_PIC = NO;
				GCC_NO_COMMON_BLOCKS = YES;
				GCC_OPTIMIZATION_LEVEL = 0;
				GCC_PREPROCESSOR_DEFINITIONS = (
					"DEBUG=1",
					"$(inherited)",
				);
				GCC_WARN_64_TO_32_BIT_CONVERSION = YES;
				GCC_WARN_ABOUT_RETURN_TYPE = YES_ERROR;
				GCC_WARN_UNDECLARED_SELECTOR = YES;
				GCC_WARN_UNINITIALIZED_AUTOS = YES_AGGRESSIVE;
				GCC_WARN_UNUSED_FUNCTION = YES;
				GCC_WARN_UNUSED_VARIABLE = YES;
				IPHONEOS_DEPLOYMENT_TARGET = 10.3;
				MTL_ENABLE_DEBUG_INFO = YES;
				ONLY_ACTIVE_ARCH = YES;
				SDKROOT = iphoneos;
				SWIFT_ACTIVE_COMPILATION_CONDITIONS = DEBUG;
				SWIFT_OPTIMIZATION_LEVEL = "-Onone";
			};
			name = Debug;
		};
		80411C8B1EF28844004C1C38 /* Release */ = {
			isa = XCBuildConfiguration;
			buildSettings = {
				ALWAYS_SEARCH_USER_PATHS = NO;
				CLANG_ANALYZER_NONNULL = YES;
				CLANG_ANALYZER_NUMBER_OBJECT_CONVERSION = YES_AGGRESSIVE;
				CLANG_CXX_LANGUAGE_STANDARD = "gnu++0x";
				CLANG_CXX_LIBRARY = "libc++";
				CLANG_ENABLE_MODULES = YES;
				CLANG_ENABLE_OBJC_ARC = YES;
				CLANG_WARN_BOOL_CONVERSION = YES;
				CLANG_WARN_CONSTANT_CONVERSION = YES;
				CLANG_WARN_DIRECT_OBJC_ISA_USAGE = YES_ERROR;
				CLANG_WARN_DOCUMENTATION_COMMENTS = YES;
				CLANG_WARN_EMPTY_BODY = YES;
				CLANG_WARN_ENUM_CONVERSION = YES;
				CLANG_WARN_INFINITE_RECURSION = YES;
				CLANG_WARN_INT_CONVERSION = YES;
				CLANG_WARN_OBJC_ROOT_CLASS = YES_ERROR;
				CLANG_WARN_SUSPICIOUS_MOVE = YES;
				CLANG_WARN_UNREACHABLE_CODE = YES;
				CLANG_WARN__DUPLICATE_METHOD_MATCH = YES;
				"CODE_SIGN_IDENTITY[sdk=iphoneos*]" = "iPhone Developer";
				COPY_PHASE_STRIP = NO;
				DEBUG_INFORMATION_FORMAT = "dwarf-with-dsym";
				ENABLE_NS_ASSERTIONS = NO;
				ENABLE_STRICT_OBJC_MSGSEND = YES;
				GCC_C_LANGUAGE_STANDARD = gnu99;
				GCC_NO_COMMON_BLOCKS = YES;
				GCC_WARN_64_TO_32_BIT_CONVERSION = YES;
				GCC_WARN_ABOUT_RETURN_TYPE = YES_ERROR;
				GCC_WARN_UNDECLARED_SELECTOR = YES;
				GCC_WARN_UNINITIALIZED_AUTOS = YES_AGGRESSIVE;
				GCC_WARN_UNUSED_FUNCTION = YES;
				GCC_WARN_UNUSED_VARIABLE = YES;
				IPHONEOS_DEPLOYMENT_TARGET = 10.3;
				MTL_ENABLE_DEBUG_INFO = NO;
				SDKROOT = iphoneos;
				SWIFT_OPTIMIZATION_LEVEL = "-Owholemodule";
				VALIDATE_PRODUCT = YES;
			};
			name = Release;
		};
		80411C8D1EF28844004C1C38 /* Debug */ = {
			isa = XCBuildConfiguration;
			baseConfigurationReference = 887D6B64B7EC45E47F916023 /* Pods-studyIOS.debug.xcconfig */;
			buildSettings = {
				ASSETCATALOG_COMPILER_APPICON_NAME = AppIcon;
				ASSETCATALOG_COMPILER_LAUNCHIMAGE_NAME = LaunchImage;
				DEVELOPMENT_TEAM = 4LX8PTP3JL;
				INFOPLIST_FILE = studyIOS/Info.plist;
				IPHONEOS_DEPLOYMENT_TARGET = 8.0;
				LD_RUNPATH_SEARCH_PATHS = "$(inherited) @executable_path/Frameworks";
				PRODUCT_BUNDLE_IDENTIFIER = com.ozstrategy.studyIOS;
				PRODUCT_NAME = "$(TARGET_NAME)";
				SWIFT_VERSION = 3.0;
			};
			name = Debug;
		};
		80411C8E1EF28844004C1C38 /* Release */ = {
			isa = XCBuildConfiguration;
			baseConfigurationReference = 2BE5DA443931E7ECC870E14A /* Pods-studyIOS.release.xcconfig */;
			buildSettings = {
				ASSETCATALOG_COMPILER_APPICON_NAME = AppIcon;
				ASSETCATALOG_COMPILER_LAUNCHIMAGE_NAME = LaunchImage;
				DEVELOPMENT_TEAM = 4LX8PTP3JL;
				INFOPLIST_FILE = studyIOS/Info.plist;
				IPHONEOS_DEPLOYMENT_TARGET = 8.0;
				LD_RUNPATH_SEARCH_PATHS = "$(inherited) @executable_path/Frameworks";
				PRODUCT_BUNDLE_IDENTIFIER = com.ozstrategy.studyIOS;
				PRODUCT_NAME = "$(TARGET_NAME)";
				SWIFT_VERSION = 3.0;
			};
			name = Release;
		};
/* End XCBuildConfiguration section */

/* Begin XCConfigurationList section */
		80411C751EF28844004C1C38 /* Build configuration list for PBXProject "studyIOS" */ = {
			isa = XCConfigurationList;
			buildConfigurations = (
				80411C8A1EF28844004C1C38 /* Debug */,
				80411C8B1EF28844004C1C38 /* Release */,
			);
			defaultConfigurationIsVisible = 0;
			defaultConfigurationName = Release;
		};
		80411C8C1EF28844004C1C38 /* Build configuration list for PBXNativeTarget "studyIOS" */ = {
			isa = XCConfigurationList;
			buildConfigurations = (
				80411C8D1EF28844004C1C38 /* Debug */,
				80411C8E1EF28844004C1C38 /* Release */,
			);
			defaultConfigurationIsVisible = 0;
			defaultConfigurationName = Release;
		};
/* End XCConfigurationList section */
	};
	rootObject = 80411C721EF28844004C1C38 /* Project object */;
}
